
Microsoft Visual Studio Solution File, Format Version 12.00
# Visual Studio Version 17
VisualStudioVersion = 17.7.34024.191
MinimumVisualStudioVersion = 10.0.40219.1
Project("{8BC9CEB8-8B4A-11D0-8D11-00A0C91BC942}") = "ex-1", "ex-1\ex-1.vcxproj", "{F941AEB6-F5FD-468A-A110-54B19F77F4BB}"
EndProject
Project("{8BC9CEB8-8B4A-11D0-8D11-00A0C91BC942}") = "ex-2", "ex-2\ex-2.vcxproj", "{49CF09B8-A7EF-48DC-9EA9-FB9E9ABE57AD}"
EndProject
Project("{8BC9CEB8-8B4A-11D0-8D11-00A0C91BC942}") = "ex-3", "ex-3\ex-3.vcxproj", "{C997FF25-91B4-419D-9153-882F6B1E7D44}"
EndProject
Project("{8BC9CEB8-8B4A-11D0-8D11-00A0C91BC942}") = "ex-4", "ex-4\ex-4.vcxproj", "{0F9BAD04-9510-4309-8C81-CB63424DA2D0}"
EndProject
Project("{8BC9CEB8-8B4A-11D0-8D11-00A0C91BC942}") = "ex-5", "ex-5\ex-5.vcxproj", "{A3ADA68C-BAE7-40BE-8AAF-6BFD5D623811}"
EndProject
Project("{8BC9CEB8-8B4A-11D0-8D11-00A0C91BC942}") = "ex-6", "ex-6\ex-6.vcxproj", "{D20B3B7E-6E5A-4366-956E-6B3E6584A0FD}"
EndProject
Project("{8BC9CEB8-8B4A-11D0-8D11-00A0C91BC942}") = "ex-7", "ex-7\ex-7.vcxproj", "{A0F88B0A-C886-43B8-8352-49709328FA34}"
EndProject
Project("{8BC9CEB8-8B4A-11D0-8D11-00A0C91BC942}") = "ex-8", "ex-8\ex-8.vcxproj", "{6706F933-332A-4A18-8F26-429C8E0339DC}"
EndProject
Project("{8BC9CEB8-8B4A-11D0-8D11-00A0C91BC942}") = "ex-9", "ex-9\ex-9.vcxproj", "{8C160208-2659-4EE1-B5B5-769A0AD6F4D5}"
EndProject
Project("{8BC9CEB8-8B4A-11D0-8D11-00A0C91BC942}") = "ex-10", "ex-10\ex-10.vcxproj", "{C500AF1A-DBE1-4B7C-AE2E-E82F69339F52}"
EndProject
Project("{8BC9CEB8-8B4A-11D0-8D11-00A0C91BC942}") = "ex-11", "ex-11\ex-11.vcxproj", "{F9CB1FB4-F0F5-4751-AD6B-84CF91F75766}"
EndProject
Project("{8BC9CEB8-8B4A-11D0-8D11-00A0C91BC942}") = "ex-12", "ex-12\ex-12.vcxproj", "{9A86DD65-020D-48A0-AA0C-F034F1330268}"
EndProject
Project("{8BC9CEB8-8B4A-11D0-8D11-00A0C91BC942}") = "ex-13", "ex-13\ex-13.vcxproj", "{1AC7F455-FE93-469C-85FC-3D4D25686F1F}"
EndProject
Project("{8BC9CEB8-8B4A-11D0-8D11-00A0C91BC942}") = "ex-14", "ex-14\ex-14.vcxproj", "{C1BF0461-AA1B-4389-BD96-19515021113E}"
EndProject
Global
	GlobalSection(SolutionConfigurationPlatforms) = preSolution
		Debug|x64 = Debug|x64
		Debug|x86 = Debug|x86
		Release|x64 = Release|x64
		Release|x86 = Release|x86
	EndGlobalSection
	GlobalSection(ProjectConfigurationPlatforms) = postSolution
		{F941AEB6-F5FD-468A-A110-54B19F77F4BB}.Debug|x64.ActiveCfg = Debug|x64
		{F941AEB6-F5FD-468A-A110-54B19F77F4BB}.Debug|x64.Build.0 = Debug|x64
		{F941AEB6-F5FD-468A-A110-54B19F77F4BB}.Debug|x86.ActiveCfg = Debug|Win32
		{F941AEB6-F5FD-468A-A110-54B19F77F4BB}.Debug|x86.Build.0 = Debug|Win32
		{F941AEB6-F5FD-468A-A110-54B19F77F4BB}.Release|x64.ActiveCfg = Release|x64
		{F941AEB6-F5FD-468A-A110-54B19F77F4BB}.Release|x64.Build.0 = Release|x64
		{F941AEB6-F5FD-468A-A110-54B19F77F4BB}.Release|x86.ActiveCfg = Release|Win32
		{F941AEB6-F5FD-468A-A110-54B19F77F4BB}.Release|x86.Build.0 = Release|Win32
		{49CF09B8-A7EF-48DC-9EA9-FB9E9ABE57AD}.Debug|x64.ActiveCfg = Debug|x64
		{49CF09B8-A7EF-48DC-9EA9-FB9E9ABE57AD}.Debug|x64.Build.0 = Debug|x64
		{49CF09B8-A7EF-48DC-9EA9-FB9E9ABE57AD}.Debug|x86.ActiveCfg = Debug|Win32
		{49CF09B8-A7EF-48DC-9EA9-FB9E9ABE57AD}.Debug|x86.Build.0 = Debug|Win32
		{49CF09B8-A7EF-48DC-9EA9-FB9E9ABE57AD}.Release|x64.ActiveCfg = Release|x64
		{49CF09B8-A7EF-48DC-9EA9-FB9E9ABE57AD}.Release|x64.Build.0 = Release|x64
		{49CF09B8-A7EF-48DC-9EA9-FB9E9ABE57AD}.Release|x86.ActiveCfg = Release|Win32
		{49CF09B8-A7EF-48DC-9EA9-FB9E9ABE57AD}.Release|x86.Build.0 = Release|Win32
		{C997FF25-91B4-419D-9153-882F6B1E7D44}.Debug|x64.ActiveCfg = Debug|x64
		{C997FF25-91B4-419D-9153-882F6B1E7D44}.Debug|x64.Build.0 = Debug|x64
		{C997FF25-91B4-419D-9153-882F6B1E7D44}.Debug|x86.ActiveCfg = Debug|Win32
		{C997FF25-91B4-419D-9153-882F6B1E7D44}.Debug|x86.Build.0 = Debug|Win32
		{C997FF25-91B4-419D-9153-882F6B1E7D44}.Release|x64.ActiveCfg = Release|x64
		{C997FF25-91B4-419D-9153-882F6B1E7D44}.Release|x64.Build.0 = Release|x64
		{C997FF25-91B4-419D-9153-882F6B1E7D44}.Release|x86.ActiveCfg = Release|Win32
		{C997FF25-91B4-419D-9153-882F6B1E7D44}.Release|x86.Build.0 = Release|Win32
		{0F9BAD04-9510-4309-8C81-CB63424DA2D0}.Debug|x64.ActiveCfg = Debug|x64
		{0F9BAD04-9510-4309-8C81-CB63424DA2D0}.Debug|x64.Build.0 = Debug|x64
		{0F9BAD04-9510-4309-8C81-CB63424DA2D0}.Debug|x86.ActiveCfg = Debug|Win32
		{0F9BAD04-9510-4309-8C81-CB63424DA2D0}.Debug|x86.Build.0 = Debug|Win32
		{0F9BAD04-9510-4309-8C81-CB63424DA2D0}.Release|x64.ActiveCfg = Release|x64
		{0F9BAD04-9510-4309-8C81-CB63424DA2D0}.Release|x64.Build.0 = Release|x64
		{0F9BAD04-9510-4309-8C81-CB63424DA2D0}.Release|x86.ActiveCfg = Release|Win32
		{0F9BAD04-9510-4309-8C81-CB63424DA2D0}.Release|x86.Build.0 = Release|Win32
		{A3ADA68C-BAE7-40BE-8AAF-6BFD5D623811}.Debug|x64.ActiveCfg = Debug|x64
		{A3ADA68C-BAE7-40BE-8AAF-6BFD5D623811}.Debug|x64.Build.0 = Debug|x64
		{A3ADA68C-BAE7-40BE-8AAF-6BFD5D623811}.Debug|x86.ActiveCfg = Debug|Win32
		{A3ADA68C-BAE7-40BE-8AAF-6BFD5D623811}.Debug|x86.Build.0 = Debug|Win32
		{A3ADA68C-BAE7-40BE-8AAF-6BFD5D623811}.Release|x64.ActiveCfg = Release|x64
		{A3ADA68C-BAE7-40BE-8AAF-6BFD5D623811}.Release|x64.Build.0 = Release|x64
		{A3ADA68C-BAE7-40BE-8AAF-6BFD5D623811}.Release|x86.ActiveCfg = Release|Win32
		{A3ADA68C-BAE7-40BE-8AAF-6BFD5D623811}.Release|x86.Build.0 = Release|Win32
		{D20B3B7E-6E5A-4366-956E-6B3E6584A0FD}.Debug|x64.ActiveCfg = Debug|x64
		{D20B3B7E-6E5A-4366-956E-6B3E6584A0FD}.Debug|x64.Build.0 = Debug|x64
		{D20B3B7E-6E5A-4366-956E-6B3E6584A0FD}.Debug|x86.ActiveCfg = Debug|Win32
		{D20B3B7E-6E5A-4366-956E-6B3E6584A0FD}.Debug|x86.Build.0 = Debug|Win32
		{D20B3B7E-6E5A-4366-956E-6B3E6584A0FD}.Release|x64.ActiveCfg = Release|x64
		{D20B3B7E-6E5A-4366-956E-6B3E6584A0FD}.Release|x64.Build.0 = Release|x64
		{D20B3B7E-6E5A-4366-956E-6B3E6584A0FD}.Release|x86.ActiveCfg = Release|Win32
		{D20B3B7E-6E5A-4366-956E-6B3E6584A0FD}.Release|x86.Build.0 = Release|Win32
		{A0F88B0A-C886-43B8-8352-49709328FA34}.Debug|x64.ActiveCfg = Debug|x64
		{A0F88B0A-C886-43B8-8352-49709328FA34}.Debug|x64.Build.0 = Debug|x64
		{A0F88B0A-C886-43B8-8352-49709328FA34}.Debug|x86.ActiveCfg = Debug|Win32
		{A0F88B0A-C886-43B8-8352-49709328FA34}.Debug|x86.Build.0 = Debug|Win32
		{A0F88B0A-C886-43B8-8352-49709328FA34}.Release|x64.ActiveCfg = Release|x64
		{A0F88B0A-C886-43B8-8352-49709328FA34}.Release|x64.Build.0 = Release|x64
		{A0F88B0A-C886-43B8-8352-49709328FA34}.Release|x86.ActiveCfg = Release|Win32
		{A0F88B0A-C886-43B8-8352-49709328FA34}.Release|x86.Build.0 = Release|Win32
		{6706F933-332A-4A18-8F26-429C8E0339DC}.Debug|x64.ActiveCfg = Debug|x64
		{6706F933-332A-4A18-8F26-429C8E0339DC}.Debug|x64.Build.0 = Debug|x64
		{6706F933-332A-4A18-8F26-429C8E0339DC}.Debug|x86.ActiveCfg = Debug|Win32
		{6706F933-332A-4A18-8F26-429C8E0339DC}.Debug|x86.Build.0 = Debug|Win32
		{6706F933-332A-4A18-8F26-429C8E0339DC}.Release|x64.ActiveCfg = Release|x64
		{6706F933-332A-4A18-8F26-429C8E0339DC}.Release|x64.Build.0 = Release|x64
		{6706F933-332A-4A18-8F26-429C8E0339DC}.Release|x86.ActiveCfg = Release|Win32
		{6706F933-332A-4A18-8F26-429C8E0339DC}.Release|x86.Build.0 = Release|Win32
		{8C160208-2659-4EE1-B5B5-769A0AD6F4D5}.Debug|x64.ActiveCfg = Debug|x64
		{8C160208-2659-4EE1-B5B5-769A0AD6F4D5}.Debug|x64.Build.0 = Debug|x64
		{8C160208-2659-4EE1-B5B5-769A0AD6F4D5}.Debug|x86.ActiveCfg = Debug|Win32
		{8C160208-2659-4EE1-B5B5-769A0AD6F4D5}.Debug|x86.Build.0 = Debug|Win32
		{8C160208-2659-4EE1-B5B5-769A0AD6F4D5}.Release|x64.ActiveCfg = Release|x64
		{8C160208-2659-4EE1-B5B5-769A0AD6F4D5}.Release|x64.Build.0 = Release|x64
		{8C160208-2659-4EE1-B5B5-769A0AD6F4D5}.Release|x86.ActiveCfg = Release|Win32
		{8C160208-2659-4EE1-B5B5-769A0AD6F4D5}.Release|x86.Build.0 = Release|Win32
		{C500AF1A-DBE1-4B7C-AE2E-E82F69339F52}.Debug|x64.ActiveCfg = Debug|x64
		{C500AF1A-DBE1-4B7C-AE2E-E82F69339F52}.Debug|x64.Build.0 = Debug|x64
		{C500AF1A-DBE1-4B7C-AE2E-E82F69339F52}.Debug|x86.ActiveCfg = Debug|Win32
		{C500AF1A-DBE1-4B7C-AE2E-E82F69339F52}.Debug|x86.Build.0 = Debug|Win32
		{C500AF1A-DBE1-4B7C-AE2E-E82F69339F52}.Release|x64.ActiveCfg = Release|x64
		{C500AF1A-DBE1-4B7C-AE2E-E82F69339F52}.Release|x64.Build.0 = Release|x64
		{C500AF1A-DBE1-4B7C-AE2E-E82F69339F52}.Release|x86.ActiveCfg = Release|Win32
		{C500AF1A-DBE1-4B7C-AE2E-E82F69339F52}.Release|x86.Build.0 = Release|Win32
		{F9CB1FB4-F0F5-4751-AD6B-84CF91F75766}.Debug|x64.ActiveCfg = Debug|x64
		{F9CB1FB4-F0F5-4751-AD6B-84CF91F75766}.Debug|x64.Build.0 = Debug|x64
		{F9CB1FB4-F0F5-4751-AD6B-84CF91F75766}.Debug|x86.ActiveCfg = Debug|Win32
		{F9CB1FB4-F0F5-4751-AD6B-84CF91F75766}.Debug|x86.Build.0 = Debug|Win32
		{F9CB1FB4-F0F5-4751-AD6B-84CF91F75766}.Release|x64.ActiveCfg = Release|x64
		{F9CB1FB4-F0F5-4751-AD6B-84CF91F75766}.Release|x64.Build.0 = Release|x64
		{F9CB1FB4-F0F5-4751-AD6B-84CF91F75766}.Release|x86.ActiveCfg = Release|Win32
		{F9CB1FB4-F0F5-4751-AD6B-84CF91F75766}.Release|x86.Build.0 = Release|Win32
		{9A86DD65-020D-48A0-AA0C-F034F1330268}.Debug|x64.ActiveCfg = Debug|x64
		{9A86DD65-020D-48A0-AA0C-F034F1330268}.Debug|x64.Build.0 = Debug|x64
		{9A86DD65-020D-48A0-AA0C-F034F1330268}.Debug|x86.ActiveCfg = Debug|Win32
		{9A86DD65-020D-48A0-AA0C-F034F1330268}.Debug|x86.Build.0 = Debug|Win32
		{9A86DD65-020D-48A0-AA0C-F034F1330268}.Release|x64.ActiveCfg = Release|x64
		{9A86DD65-020D-48A0-AA0C-F034F1330268}.Release|x64.Build.0 = Release|x64
		{9A86DD65-020D-48A0-AA0C-F034F1330268}.Release|x86.ActiveCfg = Release|Win32
		{9A86DD65-020D-48A0-AA0C-F034F1330268}.Release|x86.Build.0 = Release|Win32
		{1AC7F455-FE93-469C-85FC-3D4D25686F1F}.Debug|x64.ActiveCfg = Debug|x64
		{1AC7F455-FE93-469C-85FC-3D4D25686F1F}.Debug|x64.Build.0 = Debug|x64
		{1AC7F455-FE93-469C-85FC-3D4D25686F1F}.Debug|x86.ActiveCfg = Debug|Win32
		{1AC7F455-FE93-469C-85FC-3D4D25686F1F}.Debug|x86.Build.0 = Debug|Win32
		{1AC7F455-FE93-469C-85FC-3D4D25686F1F}.Release|x64.ActiveCfg = Release|x64
		{1AC7F455-FE93-469C-85FC-3D4D25686F1F}.Release|x64.Build.0 = Release|x64
		{1AC7F455-FE93-469C-85FC-3D4D25686F1F}.Release|x86.ActiveCfg = Release|Win32
		{1AC7F455-FE93-469C-85FC-3D4D25686F1F}.Release|x86.Build.0 = Release|Win32
		{C1BF0461-AA1B-4389-BD96-19515021113E}.Debug|x64.ActiveCfg = Debug|x64
		{C1BF0461-AA1B-4389-BD96-19515021113E}.Debug|x64.Build.0 = Debug|x64
		{C1BF0461-AA1B-4389-BD96-19515021113E}.Debug|x86.ActiveCfg = Debug|Win32
		{C1BF0461-AA1B-4389-BD96-19515021113E}.Debug|x86.Build.0 = Debug|Win32
		{C1BF0461-AA1B-4389-BD96-19515021113E}.Release|x64.ActiveCfg = Release|x64
		{C1BF0461-AA1B-4389-BD96-19515021113E}.Release|x64.Build.0 = Release|x64
		{C1BF0461-AA1B-4389-BD96-19515021113E}.Release|x86.ActiveCfg = Release|Win32
		{C1BF0461-AA1B-4389-BD96-19515021113E}.Release|x86.Build.0 = Release|Win32
	EndGlobalSection
	GlobalSection(SolutionProperties) = preSolution
		HideSolutionNode = FALSE
	EndGlobalSection
	GlobalSection(ExtensibilityGlobals) = postSolution
		SolutionGuid = {45C99F7F-A1C6-4C7D-B544-F6950A15CB14}
	EndGlobalSection
EndGlobal
